
Microsoft Visual Studio Solution File, Format Version 12.00
# Visual Studio 2013
VisualStudioVersion = 12.0.30312.1
MinimumVisualStudioVersion = 10.0.40219.1
Project("{FAE04EC0-301F-11D3-BF4B-00C04F79EFBC}") = "Microsoft.Live.WinStore", "Source\Microsoft.Live.WinStore.csproj", "{5B72B185-3010-480E-9209-D21FADA02E99}"
EndProject
Project("{FAE04EC0-301F-11D3-BF4B-00C04F79EFBC}") = "Microsoft.Live.WinStore.UnitTests", "UnitTests\Microsoft.Live.WinStore.UnitTests.csproj", "{99FBAD81-E918-43E2-A23C-9DE15D6342A5}"
EndProject
Project("{2150E333-8FDC-42A3-9474-1A3956D46DE8}") = "Source", "Source", "{CE472D52-D50F-4ADA-B1D9-811B0D94A956}"
EndProject
Project("{2150E333-8FDC-42A3-9474-1A3956D46DE8}") = "WindowsSamples", "WindowsSamples", "{4F0760A7-4BFF-4C7B-B837-86B2A27066A7}"
EndProject
Project("{2150E333-8FDC-42A3-9474-1A3956D46DE8}") = "WindowsPhoneSamples", "WindowsPhoneSamples", "{A34EFFD3-31D2-482B-928E-38C00F906277}"
EndProject
Project("{2150E333-8FDC-42A3-9474-1A3956D46DE8}") = "Tests", "Tests", "{5B4EA2BF-031D-4CF1-A5B8-CD0DA5E5ECAF}"
EndProject
Project("{FAE04EC0-301F-11D3-BF4B-00C04F79EFBC}") = "Microsoft.Live.Win8.Samples.APIExplorer", "Samples\Windows\XAML\APIExplorer\Microsoft.Live.Win8.Samples.APIExplorer.csproj", "{F8D380D7-E7D8-412B-9F71-A339A7E4ECC1}"
EndProject
Project("{FAE04EC0-301F-11D3-BF4B-00C04F79EFBC}") = "Microsoft.Live.Win8.Samples.FileUploadDownload", "Samples\Windows\XAML\FileUploadDownload\Microsoft.Live.Win8.Samples.FileUploadDownload.csproj", "{B91B0D0C-3C06-4047-B67A-E8E62517758E}"
EndProject
Project("{FAE04EC0-301F-11D3-BF4B-00C04F79EFBC}") = "Microsoft.Live.Win8.Samples.StreamUploadDownload", "Samples\Windows\XAML\StreamUploadDownload\Microsoft.Live.Win8.Samples.StreamUploadDownload.csproj", "{BD739064-DC75-4BAF-B65A-E4AB057B1232}"
EndProject
Project("{FAE04EC0-301F-11D3-BF4B-00C04F79EFBC}") = "LiveSDKPhoneRTSample", "Samples\WindowsPhone\XAML\LiveSDKPhoneRTSample\LiveSDKPhoneRTSample.csproj", "{4421CAE6-4A04-41EE-B3B1-A7380694EE89}"
EndProject
Project("{262852C6-CD72-467D-83FE-5EEB1973A190}") = "LiveSDKJavaScriptPhoneSample", "Samples\WindowsPhone\HTML\LiveSDKJavaScriptPhoneSample\LiveSDKJavaScriptPhoneSample.jsproj", "{48B8B10E-218D-47ED-ADE1-D805ABB050D4}"
EndProject
Project("{262852C6-CD72-467D-83FE-5EEB1973A190}") = "LiveSDKJavaScriptLab", "Samples\Windows\HTML\LiveSDKJavaScriptLab\LiveSDKJavaScriptLab.jsproj", "{D8A0721F-1363-4CCA-BE01-63B18114F142}"
EndProject
Global
	GlobalSection(SolutionConfigurationPlatforms) = preSolution
		Debug|Any CPU = Debug|Any CPU
		Debug|ARM = Debug|ARM
		Debug|x64 = Debug|x64
		Debug|x86 = Debug|x86
		Release|Any CPU = Release|Any CPU
		Release|ARM = Release|ARM
		Release|x64 = Release|x64
		Release|x86 = Release|x86
	EndGlobalSection
	GlobalSection(ProjectConfigurationPlatforms) = postSolution
		{5B72B185-3010-480E-9209-D21FADA02E99}.Debug|Any CPU.ActiveCfg = Debug|Any CPU
		{5B72B185-3010-480E-9209-D21FADA02E99}.Debug|Any CPU.Build.0 = Debug|Any CPU
		{5B72B185-3010-480E-9209-D21FADA02E99}.Debug|ARM.ActiveCfg = Debug|ARM
		{5B72B185-3010-480E-9209-D21FADA02E99}.Debug|ARM.Build.0 = Debug|ARM
		{5B72B185-3010-480E-9209-D21FADA02E99}.Debug|x64.ActiveCfg = Debug|x64
		{5B72B185-3010-480E-9209-D21FADA02E99}.Debug|x64.Build.0 = Debug|x64
		{5B72B185-3010-480E-9209-D21FADA02E99}.Debug|x86.ActiveCfg = Debug|x86
		{5B72B185-3010-480E-9209-D21FADA02E99}.Debug|x86.Build.0 = Debug|x86
		{5B72B185-3010-480E-9209-D21FADA02E99}.Release|Any CPU.ActiveCfg = Release|Any CPU
		{5B72B185-3010-480E-9209-D21FADA02E99}.Release|Any CPU.Build.0 = Release|Any CPU
		{5B72B185-3010-480E-9209-D21FADA02E99}.Release|ARM.ActiveCfg = Release|ARM
		{5B72B185-3010-480E-9209-D21FADA02E99}.Release|ARM.Build.0 = Release|ARM
		{5B72B185-3010-480E-9209-D21FADA02E99}.Release|x64.ActiveCfg = Release|x64
		{5B72B185-3010-480E-9209-D21FADA02E99}.Release|x64.Build.0 = Release|x64
		{5B72B185-3010-480E-9209-D21FADA02E99}.Release|x86.ActiveCfg = Release|x86
		{5B72B185-3010-480E-9209-D21FADA02E99}.Release|x86.Build.0 = Release|x86
		{99FBAD81-E918-43E2-A23C-9DE15D6342A5}.Debug|Any CPU.ActiveCfg = Debug|Any CPU
		{99FBAD81-E918-43E2-A23C-9DE15D6342A5}.Debug|Any CPU.Build.0 = Debug|Any CPU
		{99FBAD81-E918-43E2-A23C-9DE15D6342A5}.Debug|Any CPU.Deploy.0 = Debug|Any CPU
		{99FBAD81-E918-43E2-A23C-9DE15D6342A5}.Debug|ARM.ActiveCfg = Debug|ARM
		{99FBAD81-E918-43E2-A23C-9DE15D6342A5}.Debug|ARM.Build.0 = Debug|ARM
		{99FBAD81-E918-43E2-A23C-9DE15D6342A5}.Debug|ARM.Deploy.0 = Debug|ARM
		{99FBAD81-E918-43E2-A23C-9DE15D6342A5}.Debug|x64.ActiveCfg = Debug|x64
		{99FBAD81-E918-43E2-A23C-9DE15D6342A5}.Debug|x64.Build.0 = Debug|x64
		{99FBAD81-E918-43E2-A23C-9DE15D6342A5}.Debug|x64.Deploy.0 = Debug|x64
		{99FBAD81-E918-43E2-A23C-9DE15D6342A5}.Debug|x86.ActiveCfg = Debug|x86
		{99FBAD81-E918-43E2-A23C-9DE15D6342A5}.Debug|x86.Build.0 = Debug|x86
		{99FBAD81-E918-43E2-A23C-9DE15D6342A5}.Debug|x86.Deploy.0 = Debug|x86
		{99FBAD81-E918-43E2-A23C-9DE15D6342A5}.Release|Any CPU.ActiveCfg = Release|Any CPU
		{99FBAD81-E918-43E2-A23C-9DE15D6342A5}.Release|Any CPU.Build.0 = Release|Any CPU
		{99FBAD81-E918-43E2-A23C-9DE15D6342A5}.Release|Any CPU.Deploy.0 = Release|Any CPU
		{99FBAD81-E918-43E2-A23C-9DE15D6342A5}.Release|ARM.ActiveCfg = Release|ARM
		{99FBAD81-E918-43E2-A23C-9DE15D6342A5}.Release|ARM.Build.0 = Release|ARM
		{99FBAD81-E918-43E2-A23C-9DE15D6342A5}.Release|ARM.Deploy.0 = Release|ARM
		{99FBAD81-E918-43E2-A23C-9DE15D6342A5}.Release|x64.ActiveCfg = Release|x64
		{99FBAD81-E918-43E2-A23C-9DE15D6342A5}.Release|x64.Build.0 = Release|x64
		{99FBAD81-E918-43E2-A23C-9DE15D6342A5}.Release|x64.Deploy.0 = Release|x64
		{99FBAD81-E918-43E2-A23C-9DE15D6342A5}.Release|x86.ActiveCfg = Release|x86
		{99FBAD81-E918-43E2-A23C-9DE15D6342A5}.Release|x86.Build.0 = Release|x86
		{99FBAD81-E918-43E2-A23C-9DE15D6342A5}.Release|x86.Deploy.0 = Release|x86
		{F8D380D7-E7D8-412B-9F71-A339A7E4ECC1}.Debug|Any CPU.ActiveCfg = Debug|Any CPU
		{F8D380D7-E7D8-412B-9F71-A339A7E4ECC1}.Debug|Any CPU.Build.0 = Debug|Any CPU
		{F8D380D7-E7D8-412B-9F71-A339A7E4ECC1}.Debug|Any CPU.Deploy.0 = Debug|Any CPU
		{F8D380D7-E7D8-412B-9F71-A339A7E4ECC1}.Debug|ARM.ActiveCfg = Debug|ARM
		{F8D380D7-E7D8-412B-9F71-A339A7E4ECC1}.Debug|ARM.Build.0 = Debug|ARM
		{F8D380D7-E7D8-412B-9F71-A339A7E4ECC1}.Debug|ARM.Deploy.0 = Debug|ARM
		{F8D380D7-E7D8-412B-9F71-A339A7E4ECC1}.Debug|x64.ActiveCfg = Debug|x64
		{F8D380D7-E7D8-412B-9F71-A339A7E4ECC1}.Debug|x64.Build.0 = Debug|x64
		{F8D380D7-E7D8-412B-9F71-A339A7E4ECC1}.Debug|x64.Deploy.0 = Debug|x64
		{F8D380D7-E7D8-412B-9F71-A339A7E4ECC1}.Debug|x86.ActiveCfg = Debug|x86
		{F8D380D7-E7D8-412B-9F71-A339A7E4ECC1}.Debug|x86.Build.0 = Debug|x86
		{F8D380D7-E7D8-412B-9F71-A339A7E4ECC1}.Debug|x86.Deploy.0 = Debug|x86
		{F8D380D7-E7D8-412B-9F71-A339A7E4ECC1}.Release|Any CPU.ActiveCfg = Release|Any CPU
		{F8D380D7-E7D8-412B-9F71-A339A7E4ECC1}.Release|Any CPU.Build.0 = Release|Any CPU
		{F8D380D7-E7D8-412B-9F71-A339A7E4ECC1}.Release|Any CPU.Deploy.0 = Release|Any CPU
		{F8D380D7-E7D8-412B-9F71-A339A7E4ECC1}.Release|ARM.ActiveCfg = Release|ARM
		{F8D380D7-E7D8-412B-9F71-A339A7E4ECC1}.Release|ARM.Build.0 = Release|ARM
		{F8D380D7-E7D8-412B-9F71-A339A7E4ECC1}.Release|ARM.Deploy.0 = Release|ARM
		{F8D380D7-E7D8-412B-9F71-A339A7E4ECC1}.Release|x64.ActiveCfg = Release|x64
		{F8D380D7-E7D8-412B-9F71-A339A7E4ECC1}.Release|x64.Build.0 = Release|x64
		{F8D380D7-E7D8-412B-9F71-A339A7E4ECC1}.Release|x64.Deploy.0 = Release|x64
		{F8D380D7-E7D8-412B-9F71-A339A7E4ECC1}.Release|x86.ActiveCfg = Release|x86
		{F8D380D7-E7D8-412B-9F71-A339A7E4ECC1}.Release|x86.Build.0 = Release|x86
		{F8D380D7-E7D8-412B-9F71-A339A7E4ECC1}.Release|x86.Deploy.0 = Release|x86
		{B91B0D0C-3C06-4047-B67A-E8E62517758E}.Debug|Any CPU.ActiveCfg = Debug|Any CPU
		{B91B0D0C-3C06-4047-B67A-E8E62517758E}.Debug|Any CPU.Build.0 = Debug|Any CPU
		{B91B0D0C-3C06-4047-B67A-E8E62517758E}.Debug|Any CPU.Deploy.0 = Debug|Any CPU
		{B91B0D0C-3C06-4047-B67A-E8E62517758E}.Debug|ARM.ActiveCfg = Debug|ARM
		{B91B0D0C-3C06-4047-B67A-E8E62517758E}.Debug|ARM.Build.0 = Debug|ARM
		{B91B0D0C-3C06-4047-B67A-E8E62517758E}.Debug|ARM.Deploy.0 = Debug|ARM
		{B91B0D0C-3C06-4047-B67A-E8E62517758E}.Debug|x64.ActiveCfg = Debug|x64
		{B91B0D0C-3C06-4047-B67A-E8E62517758E}.Debug|x64.Build.0 = Debug|x64
		{B91B0D0C-3C06-4047-B67A-E8E62517758E}.Debug|x64.Deploy.0 = Debug|x64
		{B91B0D0C-3C06-4047-B67A-E8E62517758E}.Debug|x86.ActiveCfg = Debug|x86
		{B91B0D0C-3C06-4047-B67A-E8E62517758E}.Debug|x86.Build.0 = Debug|x86
		{B91B0D0C-3C06-4047-B67A-E8E62517758E}.Debug|x86.Deploy.0 = Debug|x86
		{B91B0D0C-3C06-4047-B67A-E8E62517758E}.Release|Any CPU.ActiveCfg = Release|Any CPU
		{B91B0D0C-3C06-4047-B67A-E8E62517758E}.Release|Any CPU.Build.0 = Release|Any CPU
		{B91B0D0C-3C06-4047-B67A-E8E62517758E}.Release|Any CPU.Deploy.0 = Release|Any CPU
		{B91B0D0C-3C06-4047-B67A-E8E62517758E}.Release|ARM.ActiveCfg = Release|ARM
		{B91B0D0C-3C06-4047-B67A-E8E62517758E}.Release|ARM.Build.0 = Release|ARM
		{B91B0D0C-3C06-4047-B67A-E8E62517758E}.Release|ARM.Deploy.0 = Release|ARM
		{B91B0D0C-3C06-4047-B67A-E8E62517758E}.Release|x64.ActiveCfg = Release|x64
		{B91B0D0C-3C06-4047-B67A-E8E62517758E}.Release|x64.Build.0 = Release|x64
		{B91B0D0C-3C06-4047-B67A-E8E62517758E}.Release|x64.Deploy.0 = Release|x64
		{B91B0D0C-3C06-4047-B67A-E8E62517758E}.Release|x86.ActiveCfg = Release|x86
		{B91B0D0C-3C06-4047-B67A-E8E62517758E}.Release|x86.Build.0 = Release|x86
		{B91B0D0C-3C06-4047-B67A-E8E62517758E}.Release|x86.Deploy.0 = Release|x86
		{BD739064-DC75-4BAF-B65A-E4AB057B1232}.Debug|Any CPU.ActiveCfg = Debug|Any CPU
		{BD739064-DC75-4BAF-B65A-E4AB057B1232}.Debug|Any CPU.Build.0 = Debug|Any CPU
		{BD739064-DC75-4BAF-B65A-E4AB057B1232}.Debug|Any CPU.Deploy.0 = Debug|Any CPU
		{BD739064-DC75-4BAF-B65A-E4AB057B1232}.Debug|ARM.ActiveCfg = Debug|ARM
		{BD739064-DC75-4BAF-B65A-E4AB057B1232}.Debug|ARM.Build.0 = Debug|ARM
		{BD739064-DC75-4BAF-B65A-E4AB057B1232}.Debug|ARM.Deploy.0 = Debug|ARM
		{BD739064-DC75-4BAF-B65A-E4AB057B1232}.Debug|x64.ActiveCfg = Debug|x64
		{BD739064-DC75-4BAF-B65A-E4AB057B1232}.Debug|x64.Build.0 = Debug|x64
		{BD739064-DC75-4BAF-B65A-E4AB057B1232}.Debug|x64.Deploy.0 = Debug|x64
		{BD739064-DC75-4BAF-B65A-E4AB057B1232}.Debug|x86.ActiveCfg = Debug|x86
		{BD739064-DC75-4BAF-B65A-E4AB057B1232}.Debug|x86.Build.0 = Debug|x86
		{BD739064-DC75-4BAF-B65A-E4AB057B1232}.Debug|x86.Deploy.0 = Debug|x86
		{BD739064-DC75-4BAF-B65A-E4AB057B1232}.Release|Any CPU.ActiveCfg = Release|Any CPU
		{BD739064-DC75-4BAF-B65A-E4AB057B1232}.Release|Any CPU.Build.0 = Release|Any CPU
		{BD739064-DC75-4BAF-B65A-E4AB057B1232}.Release|Any CPU.Deploy.0 = Release|Any CPU
		{BD739064-DC75-4BAF-B65A-E4AB057B1232}.Release|ARM.ActiveCfg = Release|ARM
		{BD739064-DC75-4BAF-B65A-E4AB057B1232}.Release|ARM.Build.0 = Release|ARM
		{BD739064-DC75-4BAF-B65A-E4AB057B1232}.Release|ARM.Deploy.0 = Release|ARM
		{BD739064-DC75-4BAF-B65A-E4AB057B1232}.Release|x64.ActiveCfg = Release|x64
		{BD739064-DC75-4BAF-B65A-E4AB057B1232}.Release|x64.Build.0 = Release|x64
		{BD739064-DC75-4BAF-B65A-E4AB057B1232}.Release|x64.Deploy.0 = Release|x64
		{BD739064-DC75-4BAF-B65A-E4AB057B1232}.Release|x86.ActiveCfg = Release|x86
		{BD739064-DC75-4BAF-B65A-E4AB057B1232}.Release|x86.Build.0 = Release|x86
		{BD739064-DC75-4BAF-B65A-E4AB057B1232}.Release|x86.Deploy.0 = Release|x86
		{4421CAE6-4A04-41EE-B3B1-A7380694EE89}.Debug|Any CPU.ActiveCfg = Debug|Any CPU
		{4421CAE6-4A04-41EE-B3B1-A7380694EE89}.Debug|Any CPU.Build.0 = Debug|Any CPU
		{4421CAE6-4A04-41EE-B3B1-A7380694EE89}.Debug|Any CPU.Deploy.0 = Debug|Any CPU
		{4421CAE6-4A04-41EE-B3B1-A7380694EE89}.Debug|ARM.ActiveCfg = Debug|ARM
		{4421CAE6-4A04-41EE-B3B1-A7380694EE89}.Debug|ARM.Build.0 = Debug|ARM
		{4421CAE6-4A04-41EE-B3B1-A7380694EE89}.Debug|ARM.Deploy.0 = Debug|ARM
		{4421CAE6-4A04-41EE-B3B1-A7380694EE89}.Debug|x64.ActiveCfg = Debug|Any CPU
		{4421CAE6-4A04-41EE-B3B1-A7380694EE89}.Debug|x86.ActiveCfg = Debug|x86
		{4421CAE6-4A04-41EE-B3B1-A7380694EE89}.Debug|x86.Build.0 = Debug|x86
		{4421CAE6-4A04-41EE-B3B1-A7380694EE89}.Debug|x86.Deploy.0 = Debug|x86
		{4421CAE6-4A04-41EE-B3B1-A7380694EE89}.Release|Any CPU.ActiveCfg = Release|Any CPU
		{4421CAE6-4A04-41EE-B3B1-A7380694EE89}.Release|Any CPU.Build.0 = Release|Any CPU
		{4421CAE6-4A04-41EE-B3B1-A7380694EE89}.Release|Any CPU.Deploy.0 = Release|Any CPU
		{4421CAE6-4A04-41EE-B3B1-A7380694EE89}.Release|ARM.ActiveCfg = Release|ARM
		{4421CAE6-4A04-41EE-B3B1-A7380694EE89}.Release|ARM.Build.0 = Release|ARM
		{4421CAE6-4A04-41EE-B3B1-A7380694EE89}.Release|ARM.Deploy.0 = Release|ARM
		{4421CAE6-4A04-41EE-B3B1-A7380694EE89}.Release|x64.ActiveCfg = Release|Any CPU
		{4421CAE6-4A04-41EE-B3B1-A7380694EE89}.Release|x86.ActiveCfg = Release|x86
		{4421CAE6-4A04-41EE-B3B1-A7380694EE89}.Release|x86.Build.0 = Release|x86
		{4421CAE6-4A04-41EE-B3B1-A7380694EE89}.Release|x86.Deploy.0 = Release|x86
		{48B8B10E-218D-47ED-ADE1-D805ABB050D4}.Debug|Any CPU.ActiveCfg = Debug|Any CPU
		{48B8B10E-218D-47ED-ADE1-D805ABB050D4}.Debug|Any CPU.Build.0 = Debug|Any CPU
		{48B8B10E-218D-47ED-ADE1-D805ABB050D4}.Debug|Any CPU.Deploy.0 = Debug|Any CPU
		{48B8B10E-218D-47ED-ADE1-D805ABB050D4}.Debug|ARM.ActiveCfg = Debug|ARM
		{48B8B10E-218D-47ED-ADE1-D805ABB050D4}.Debug|ARM.Build.0 = Debug|ARM
		{48B8B10E-218D-47ED-ADE1-D805ABB050D4}.Debug|ARM.Deploy.0 = Debug|ARM
		{48B8B10E-218D-47ED-ADE1-D805ABB050D4}.Debug|x64.ActiveCfg = Debug|Any CPU
		{48B8B10E-218D-47ED-ADE1-D805ABB050D4}.Debug|x86.ActiveCfg = Debug|x86
		{48B8B10E-218D-47ED-ADE1-D805ABB050D4}.Debug|x86.Build.0 = Debug|x86
		{48B8B10E-218D-47ED-ADE1-D805ABB050D4}.Debug|x86.Deploy.0 = Debug|x86
		{48B8B10E-218D-47ED-ADE1-D805ABB050D4}.Release|Any CPU.ActiveCfg = Release|Any CPU
		{48B8B10E-218D-47ED-ADE1-D805ABB050D4}.Release|Any CPU.Build.0 = Release|Any CPU
		{48B8B10E-218D-47ED-ADE1-D805ABB050D4}.Release|Any CPU.Deploy.0 = Release|Any CPU
		{48B8B10E-218D-47ED-ADE1-D805ABB050D4}.Release|ARM.ActiveCfg = Release|ARM
		{48B8B10E-218D-47ED-ADE1-D805ABB050D4}.Release|ARM.Build.0 = Release|ARM
		{48B8B10E-218D-47ED-ADE1-D805ABB050D4}.Release|ARM.Deploy.0 = Release|ARM
		{48B8B10E-218D-47ED-ADE1-D805ABB050D4}.Release|x64.ActiveCfg = Release|Any CPU
		{48B8B10E-218D-47ED-ADE1-D805ABB050D4}.Release|x86.ActiveCfg = Release|x86
		{48B8B10E-218D-47ED-ADE1-D805ABB050D4}.Release|x86.Build.0 = Release|x86
		{48B8B10E-218D-47ED-ADE1-D805ABB050D4}.Release|x86.Deploy.0 = Release|x86
		{D8A0721F-1363-4CCA-BE01-63B18114F142}.Debug|Any CPU.ActiveCfg = Debug|Any CPU
		{D8A0721F-1363-4CCA-BE01-63B18114F142}.Debug|Any CPU.Build.0 = Debug|Any CPU
		{D8A0721F-1363-4CCA-BE01-63B18114F142}.Debug|Any CPU.Deploy.0 = Debug|Any CPU
		{D8A0721F-1363-4CCA-BE01-63B18114F142}.Debug|ARM.ActiveCfg = Debug|ARM
		{D8A0721F-1363-4CCA-BE01-63B18114F142}.Debug|ARM.Build.0 = Debug|ARM
		{D8A0721F-1363-4CCA-BE01-63B18114F142}.Debug|ARM.Deploy.0 = Debug|ARM
		{D8A0721F-1363-4CCA-BE01-63B18114F142}.Debug|x64.ActiveCfg = Debug|x64
		{D8A0721F-1363-4CCA-BE01-63B18114F142}.Debug|x64.Build.0 = Debug|x64
		{D8A0721F-1363-4CCA-BE01-63B18114F142}.Debug|x64.Deploy.0 = Debug|x64
		{D8A0721F-1363-4CCA-BE01-63B18114F142}.Debug|x86.ActiveCfg = Debug|x86
		{D8A0721F-1363-4CCA-BE01-63B18114F142}.Debug|x86.Build.0 = Debug|x86
		{D8A0721F-1363-4CCA-BE01-63B18114F142}.Debug|x86.Deploy.0 = Debug|x86
		{D8A0721F-1363-4CCA-BE01-63B18114F142}.Release|Any CPU.ActiveCfg = Release|Any CPU
		{D8A0721F-1363-4CCA-BE01-63B18114F142}.Release|Any CPU.Build.0 = Release|Any CPU
		{D8A0721F-1363-4CCA-BE01-63B18114F142}.Release|Any CPU.Deploy.0 = Release|Any CPU
		{D8A0721F-1363-4CCA-BE01-63B18114F142}.Release|ARM.ActiveCfg = Release|ARM
		{D8A0721F-1363-4CCA-BE01-63B18114F142}.Release|ARM.Build.0 = Release|ARM
		{D8A0721F-1363-4CCA-BE01-63B18114F142}.Release|ARM.Deploy.0 = Release|ARM
		{D8A0721F-1363-4CCA-BE01-63B18114F142}.Release|x64.ActiveCfg = Release|x64
		{D8A0721F-1363-4CCA-BE01-63B18114F142}.Release|x64.Build.0 = Release|x64
		{D8A0721F-1363-4CCA-BE01-63B18114F142}.Release|x64.Deploy.0 = Release|x64
		{D8A0721F-1363-4CCA-BE01-63B18114F142}.Release|x86.ActiveCfg = Release|x86
		{D8A0721F-1363-4CCA-BE01-63B18114F142}.Release|x86.Build.0 = Release|x86
		{D8A0721F-1363-4CCA-BE01-63B18114F142}.Release|x86.Deploy.0 = Release|x86
	EndGlobalSection
	GlobalSection(SolutionProperties) = preSolution
		HideSolutionNode = FALSE
	EndGlobalSection
	GlobalSection(NestedProjects) = preSolution
		{5B72B185-3010-480E-9209-D21FADA02E99} = {CE472D52-D50F-4ADA-B1D9-811B0D94A956}
		{99FBAD81-E918-43E2-A23C-9DE15D6342A5} = {5B4EA2BF-031D-4CF1-A5B8-CD0DA5E5ECAF}
		{F8D380D7-E7D8-412B-9F71-A339A7E4ECC1} = {4F0760A7-4BFF-4C7B-B837-86B2A27066A7}
		{B91B0D0C-3C06-4047-B67A-E8E62517758E} = {4F0760A7-4BFF-4C7B-B837-86B2A27066A7}
		{BD739064-DC75-4BAF-B65A-E4AB057B1232} = {4F0760A7-4BFF-4C7B-B837-86B2A27066A7}
		{4421CAE6-4A04-41EE-B3B1-A7380694EE89} = {A34EFFD3-31D2-482B-928E-38C00F906277}
		{48B8B10E-218D-47ED-ADE1-D805ABB050D4} = {A34EFFD3-31D2-482B-928E-38C00F906277}
		{D8A0721F-1363-4CCA-BE01-63B18114F142} = {4F0760A7-4BFF-4C7B-B837-86B2A27066A7}
	EndGlobalSection
EndGlobal
