
Microsoft Visual Studio Solution File, Format Version 12.00
# Visual Studio 2012
Project("{FAE04EC0-301F-11D3-BF4B-00C04F79EFBC}") = "Microsoft.Live.WP8", "Source\Microsoft.Live.WP8.csproj", "{6A481A3E-F84B-4605-B213-AD610EEC8E17}"
EndProject
Project("{FAE04EC0-301F-11D3-BF4B-00C04F79EFBC}") = "Microsoft.Live.WP8.Controls", "Controls\Microsoft.Live.WP8.Controls.csproj", "{42DD6473-A7F4-4ED0-94C7-59B86D3F44C7}"
EndProject
Project("{FAE04EC0-301F-11D3-BF4B-00C04F79EFBC}") = "Microsoft.Live.WP8.Controls.Design", "Controls\Design\Microsoft.Live.WP8.Controls.Design.csproj", "{8AA8B88A-2B3C-4281-9720-CB5AB71CE247}"
EndProject
Project("{FAE04EC0-301F-11D3-BF4B-00C04F79EFBC}") = "Microsoft.Live.WP8.UnitTests", "UnitTests\Microsoft.Live.WP8.UnitTests.csproj", "{1EA1E307-AF75-4BB3-9E7B-A040252F556A}"
EndProject
Project("{FAE04EC0-301F-11D3-BF4B-00C04F79EFBC}") = "Microsoft.Live.WP8.Samples.APIExplorer", "Samples\APIExplorer\Microsoft.Live.WP8.Samples.APIExplorer.csproj", "{C81F8A54-3A94-4511-8F80-D992C98847DF}"
EndProject
Project("{FAE04EC0-301F-11D3-BF4B-00C04F79EFBC}") = "Microsoft.Live.WP8.Samples.CoreConcepts", "Samples\CoreConcepts\Microsoft.Live.WP8.Samples.CoreConcepts.csproj", "{72FB49C0-7FB9-4B54-815F-A7DE5BE55697}"
EndProject
Project("{FAE04EC0-301F-11D3-BF4B-00C04F79EFBC}") = "Microsoft.Live.WP8.Samples.LiveLogin", "Samples\LiveLogin\Microsoft.Live.WP8.Samples.LiveLogin.csproj", "{346CCF01-EDCA-4379-9D4A-36A91BD2816C}"
EndProject
Project("{FAE04EC0-301F-11D3-BF4B-00C04F79EFBC}") = "Microsoft.Live.WP8.Samples.StreamUploadDownload", "Samples\StreamUploadDownload\Microsoft.Live.WP8.Samples.StreamUploadDownload.csproj", "{378DB370-B447-4D72-B59E-EE7DD692C0AD}"
EndProject
Project("{FAE04EC0-301F-11D3-BF4B-00C04F79EFBC}") = "Microsoft.Live.WP8.Samples.BackgroundTransfer", "Samples\BackgroundTransfer\Microsoft.Live.WP8.Samples.BackgroundTransfer.csproj", "{2ABD25D4-4F3E-4356-B1DD-0315B6C7D8E0}"
EndProject
Global
	GlobalSection(SolutionConfigurationPlatforms) = preSolution
		Debug|Any CPU = Debug|Any CPU
		Debug|ARM = Debug|ARM
		Debug|x86 = Debug|x86
		Release|Any CPU = Release|Any CPU
		Release|ARM = Release|ARM
		Release|x86 = Release|x86
	EndGlobalSection
	GlobalSection(ProjectConfigurationPlatforms) = postSolution
		{6A481A3E-F84B-4605-B213-AD610EEC8E17}.Debug|Any CPU.ActiveCfg = Debug|Any CPU
		{6A481A3E-F84B-4605-B213-AD610EEC8E17}.Debug|Any CPU.Build.0 = Debug|Any CPU
		{6A481A3E-F84B-4605-B213-AD610EEC8E17}.Debug|ARM.ActiveCfg = Debug|ARM
		{6A481A3E-F84B-4605-B213-AD610EEC8E17}.Debug|ARM.Build.0 = Debug|ARM
		{6A481A3E-F84B-4605-B213-AD610EEC8E17}.Debug|x86.ActiveCfg = Debug|x86
		{6A481A3E-F84B-4605-B213-AD610EEC8E17}.Debug|x86.Build.0 = Debug|x86
		{6A481A3E-F84B-4605-B213-AD610EEC8E17}.Release|Any CPU.ActiveCfg = Release|Any CPU
		{6A481A3E-F84B-4605-B213-AD610EEC8E17}.Release|Any CPU.Build.0 = Release|Any CPU
		{6A481A3E-F84B-4605-B213-AD610EEC8E17}.Release|ARM.ActiveCfg = Release|ARM
		{6A481A3E-F84B-4605-B213-AD610EEC8E17}.Release|ARM.Build.0 = Release|ARM
		{6A481A3E-F84B-4605-B213-AD610EEC8E17}.Release|x86.ActiveCfg = Release|x86
		{6A481A3E-F84B-4605-B213-AD610EEC8E17}.Release|x86.Build.0 = Release|x86
		{42DD6473-A7F4-4ED0-94C7-59B86D3F44C7}.Debug|Any CPU.ActiveCfg = Debug|Any CPU
		{42DD6473-A7F4-4ED0-94C7-59B86D3F44C7}.Debug|Any CPU.Build.0 = Debug|Any CPU
		{42DD6473-A7F4-4ED0-94C7-59B86D3F44C7}.Debug|ARM.ActiveCfg = Debug|ARM
		{42DD6473-A7F4-4ED0-94C7-59B86D3F44C7}.Debug|ARM.Build.0 = Debug|ARM
		{42DD6473-A7F4-4ED0-94C7-59B86D3F44C7}.Debug|x86.ActiveCfg = Debug|x86
		{42DD6473-A7F4-4ED0-94C7-59B86D3F44C7}.Debug|x86.Build.0 = Debug|x86
		{42DD6473-A7F4-4ED0-94C7-59B86D3F44C7}.Release|Any CPU.ActiveCfg = Release|Any CPU
		{42DD6473-A7F4-4ED0-94C7-59B86D3F44C7}.Release|Any CPU.Build.0 = Release|Any CPU
		{42DD6473-A7F4-4ED0-94C7-59B86D3F44C7}.Release|ARM.ActiveCfg = Release|ARM
		{42DD6473-A7F4-4ED0-94C7-59B86D3F44C7}.Release|ARM.Build.0 = Release|ARM
		{42DD6473-A7F4-4ED0-94C7-59B86D3F44C7}.Release|x86.ActiveCfg = Release|x86
		{42DD6473-A7F4-4ED0-94C7-59B86D3F44C7}.Release|x86.Build.0 = Release|x86
		{8AA8B88A-2B3C-4281-9720-CB5AB71CE247}.Debug|Any CPU.ActiveCfg = Debug|Any CPU
		{8AA8B88A-2B3C-4281-9720-CB5AB71CE247}.Debug|Any CPU.Build.0 = Debug|Any CPU
		{8AA8B88A-2B3C-4281-9720-CB5AB71CE247}.Debug|ARM.ActiveCfg = Debug|Any CPU
		{8AA8B88A-2B3C-4281-9720-CB5AB71CE247}.Debug|x86.ActiveCfg = Debug|Any CPU
		{8AA8B88A-2B3C-4281-9720-CB5AB71CE247}.Release|Any CPU.ActiveCfg = Release|Any CPU
		{8AA8B88A-2B3C-4281-9720-CB5AB71CE247}.Release|Any CPU.Build.0 = Release|Any CPU
		{8AA8B88A-2B3C-4281-9720-CB5AB71CE247}.Release|ARM.ActiveCfg = Release|Any CPU
		{8AA8B88A-2B3C-4281-9720-CB5AB71CE247}.Release|x86.ActiveCfg = Release|Any CPU
		{1EA1E307-AF75-4BB3-9E7B-A040252F556A}.Debug|Any CPU.ActiveCfg = Debug|Any CPU
		{1EA1E307-AF75-4BB3-9E7B-A040252F556A}.Debug|Any CPU.Build.0 = Debug|Any CPU
		{1EA1E307-AF75-4BB3-9E7B-A040252F556A}.Debug|Any CPU.Deploy.0 = Debug|Any CPU
		{1EA1E307-AF75-4BB3-9E7B-A040252F556A}.Debug|ARM.ActiveCfg = Debug|ARM
		{1EA1E307-AF75-4BB3-9E7B-A040252F556A}.Debug|ARM.Build.0 = Debug|ARM
		{1EA1E307-AF75-4BB3-9E7B-A040252F556A}.Debug|ARM.Deploy.0 = Debug|ARM
		{1EA1E307-AF75-4BB3-9E7B-A040252F556A}.Debug|x86.ActiveCfg = Debug|x86
		{1EA1E307-AF75-4BB3-9E7B-A040252F556A}.Debug|x86.Build.0 = Debug|x86
		{1EA1E307-AF75-4BB3-9E7B-A040252F556A}.Debug|x86.Deploy.0 = Debug|x86
		{1EA1E307-AF75-4BB3-9E7B-A040252F556A}.Release|Any CPU.ActiveCfg = Release|Any CPU
		{1EA1E307-AF75-4BB3-9E7B-A040252F556A}.Release|Any CPU.Build.0 = Release|Any CPU
		{1EA1E307-AF75-4BB3-9E7B-A040252F556A}.Release|Any CPU.Deploy.0 = Release|Any CPU
		{1EA1E307-AF75-4BB3-9E7B-A040252F556A}.Release|ARM.ActiveCfg = Release|ARM
		{1EA1E307-AF75-4BB3-9E7B-A040252F556A}.Release|ARM.Build.0 = Release|ARM
		{1EA1E307-AF75-4BB3-9E7B-A040252F556A}.Release|ARM.Deploy.0 = Release|ARM
		{1EA1E307-AF75-4BB3-9E7B-A040252F556A}.Release|x86.ActiveCfg = Release|x86
		{1EA1E307-AF75-4BB3-9E7B-A040252F556A}.Release|x86.Build.0 = Release|x86
		{1EA1E307-AF75-4BB3-9E7B-A040252F556A}.Release|x86.Deploy.0 = Release|x86
		{C81F8A54-3A94-4511-8F80-D992C98847DF}.Debug|Any CPU.ActiveCfg = Debug|Any CPU
		{C81F8A54-3A94-4511-8F80-D992C98847DF}.Debug|Any CPU.Build.0 = Debug|Any CPU
		{C81F8A54-3A94-4511-8F80-D992C98847DF}.Debug|Any CPU.Deploy.0 = Debug|Any CPU
		{C81F8A54-3A94-4511-8F80-D992C98847DF}.Debug|ARM.ActiveCfg = Debug|ARM
		{C81F8A54-3A94-4511-8F80-D992C98847DF}.Debug|ARM.Build.0 = Debug|ARM
		{C81F8A54-3A94-4511-8F80-D992C98847DF}.Debug|ARM.Deploy.0 = Debug|ARM
		{C81F8A54-3A94-4511-8F80-D992C98847DF}.Debug|x86.ActiveCfg = Debug|x86
		{C81F8A54-3A94-4511-8F80-D992C98847DF}.Debug|x86.Build.0 = Debug|x86
		{C81F8A54-3A94-4511-8F80-D992C98847DF}.Debug|x86.Deploy.0 = Debug|x86
		{C81F8A54-3A94-4511-8F80-D992C98847DF}.Release|Any CPU.ActiveCfg = Release|Any CPU
		{C81F8A54-3A94-4511-8F80-D992C98847DF}.Release|Any CPU.Build.0 = Release|Any CPU
		{C81F8A54-3A94-4511-8F80-D992C98847DF}.Release|Any CPU.Deploy.0 = Release|Any CPU
		{C81F8A54-3A94-4511-8F80-D992C98847DF}.Release|ARM.ActiveCfg = Release|ARM
		{C81F8A54-3A94-4511-8F80-D992C98847DF}.Release|ARM.Build.0 = Release|ARM
		{C81F8A54-3A94-4511-8F80-D992C98847DF}.Release|ARM.Deploy.0 = Release|ARM
		{C81F8A54-3A94-4511-8F80-D992C98847DF}.Release|x86.ActiveCfg = Release|x86
		{C81F8A54-3A94-4511-8F80-D992C98847DF}.Release|x86.Build.0 = Release|x86
		{C81F8A54-3A94-4511-8F80-D992C98847DF}.Release|x86.Deploy.0 = Release|x86
		{72FB49C0-7FB9-4B54-815F-A7DE5BE55697}.Debug|Any CPU.ActiveCfg = Debug|Any CPU
		{72FB49C0-7FB9-4B54-815F-A7DE5BE55697}.Debug|Any CPU.Build.0 = Debug|Any CPU
		{72FB49C0-7FB9-4B54-815F-A7DE5BE55697}.Debug|Any CPU.Deploy.0 = Debug|Any CPU
		{72FB49C0-7FB9-4B54-815F-A7DE5BE55697}.Debug|ARM.ActiveCfg = Debug|ARM
		{72FB49C0-7FB9-4B54-815F-A7DE5BE55697}.Debug|ARM.Build.0 = Debug|ARM
		{72FB49C0-7FB9-4B54-815F-A7DE5BE55697}.Debug|ARM.Deploy.0 = Debug|ARM
		{72FB49C0-7FB9-4B54-815F-A7DE5BE55697}.Debug|x86.ActiveCfg = Debug|x86
		{72FB49C0-7FB9-4B54-815F-A7DE5BE55697}.Debug|x86.Build.0 = Debug|x86
		{72FB49C0-7FB9-4B54-815F-A7DE5BE55697}.Debug|x86.Deploy.0 = Debug|x86
		{72FB49C0-7FB9-4B54-815F-A7DE5BE55697}.Release|Any CPU.ActiveCfg = Release|Any CPU
		{72FB49C0-7FB9-4B54-815F-A7DE5BE55697}.Release|Any CPU.Build.0 = Release|Any CPU
		{72FB49C0-7FB9-4B54-815F-A7DE5BE55697}.Release|Any CPU.Deploy.0 = Release|Any CPU
		{72FB49C0-7FB9-4B54-815F-A7DE5BE55697}.Release|ARM.ActiveCfg = Release|ARM
		{72FB49C0-7FB9-4B54-815F-A7DE5BE55697}.Release|ARM.Build.0 = Release|ARM
		{72FB49C0-7FB9-4B54-815F-A7DE5BE55697}.Release|ARM.Deploy.0 = Release|ARM
		{72FB49C0-7FB9-4B54-815F-A7DE5BE55697}.Release|x86.ActiveCfg = Release|x86
		{72FB49C0-7FB9-4B54-815F-A7DE5BE55697}.Release|x86.Build.0 = Release|x86
		{72FB49C0-7FB9-4B54-815F-A7DE5BE55697}.Release|x86.Deploy.0 = Release|x86
		{346CCF01-EDCA-4379-9D4A-36A91BD2816C}.Debug|Any CPU.ActiveCfg = Debug|Any CPU
		{346CCF01-EDCA-4379-9D4A-36A91BD2816C}.Debug|Any CPU.Build.0 = Debug|Any CPU
		{346CCF01-EDCA-4379-9D4A-36A91BD2816C}.Debug|Any CPU.Deploy.0 = Debug|Any CPU
		{346CCF01-EDCA-4379-9D4A-36A91BD2816C}.Debug|ARM.ActiveCfg = Debug|ARM
		{346CCF01-EDCA-4379-9D4A-36A91BD2816C}.Debug|ARM.Build.0 = Debug|ARM
		{346CCF01-EDCA-4379-9D4A-36A91BD2816C}.Debug|ARM.Deploy.0 = Debug|ARM
		{346CCF01-EDCA-4379-9D4A-36A91BD2816C}.Debug|x86.ActiveCfg = Debug|x86
		{346CCF01-EDCA-4379-9D4A-36A91BD2816C}.Debug|x86.Build.0 = Debug|x86
		{346CCF01-EDCA-4379-9D4A-36A91BD2816C}.Debug|x86.Deploy.0 = Debug|x86
		{346CCF01-EDCA-4379-9D4A-36A91BD2816C}.Release|Any CPU.ActiveCfg = Release|Any CPU
		{346CCF01-EDCA-4379-9D4A-36A91BD2816C}.Release|Any CPU.Build.0 = Release|Any CPU
		{346CCF01-EDCA-4379-9D4A-36A91BD2816C}.Release|Any CPU.Deploy.0 = Release|Any CPU
		{346CCF01-EDCA-4379-9D4A-36A91BD2816C}.Release|ARM.ActiveCfg = Release|ARM
		{346CCF01-EDCA-4379-9D4A-36A91BD2816C}.Release|ARM.Build.0 = Release|ARM
		{346CCF01-EDCA-4379-9D4A-36A91BD2816C}.Release|ARM.Deploy.0 = Release|ARM
		{346CCF01-EDCA-4379-9D4A-36A91BD2816C}.Release|x86.ActiveCfg = Release|x86
		{346CCF01-EDCA-4379-9D4A-36A91BD2816C}.Release|x86.Build.0 = Release|x86
		{346CCF01-EDCA-4379-9D4A-36A91BD2816C}.Release|x86.Deploy.0 = Release|x86
		{378DB370-B447-4D72-B59E-EE7DD692C0AD}.Debug|Any CPU.ActiveCfg = Debug|Any CPU
		{378DB370-B447-4D72-B59E-EE7DD692C0AD}.Debug|Any CPU.Build.0 = Debug|Any CPU
		{378DB370-B447-4D72-B59E-EE7DD692C0AD}.Debug|Any CPU.Deploy.0 = Debug|Any CPU
		{378DB370-B447-4D72-B59E-EE7DD692C0AD}.Debug|ARM.ActiveCfg = Debug|ARM
		{378DB370-B447-4D72-B59E-EE7DD692C0AD}.Debug|ARM.Build.0 = Debug|ARM
		{378DB370-B447-4D72-B59E-EE7DD692C0AD}.Debug|ARM.Deploy.0 = Debug|ARM
		{378DB370-B447-4D72-B59E-EE7DD692C0AD}.Debug|x86.ActiveCfg = Debug|x86
		{378DB370-B447-4D72-B59E-EE7DD692C0AD}.Debug|x86.Build.0 = Debug|x86
		{378DB370-B447-4D72-B59E-EE7DD692C0AD}.Debug|x86.Deploy.0 = Debug|x86
		{378DB370-B447-4D72-B59E-EE7DD692C0AD}.Release|Any CPU.ActiveCfg = Release|Any CPU
		{378DB370-B447-4D72-B59E-EE7DD692C0AD}.Release|Any CPU.Build.0 = Release|Any CPU
		{378DB370-B447-4D72-B59E-EE7DD692C0AD}.Release|Any CPU.Deploy.0 = Release|Any CPU
		{378DB370-B447-4D72-B59E-EE7DD692C0AD}.Release|ARM.ActiveCfg = Release|ARM
		{378DB370-B447-4D72-B59E-EE7DD692C0AD}.Release|ARM.Build.0 = Release|ARM
		{378DB370-B447-4D72-B59E-EE7DD692C0AD}.Release|ARM.Deploy.0 = Release|ARM
		{378DB370-B447-4D72-B59E-EE7DD692C0AD}.Release|x86.ActiveCfg = Release|x86
		{378DB370-B447-4D72-B59E-EE7DD692C0AD}.Release|x86.Build.0 = Release|x86
		{378DB370-B447-4D72-B59E-EE7DD692C0AD}.Release|x86.Deploy.0 = Release|x86
		{2ABD25D4-4F3E-4356-B1DD-0315B6C7D8E0}.Debug|Any CPU.ActiveCfg = Debug|Any CPU
		{2ABD25D4-4F3E-4356-B1DD-0315B6C7D8E0}.Debug|Any CPU.Build.0 = Debug|Any CPU
		{2ABD25D4-4F3E-4356-B1DD-0315B6C7D8E0}.Debug|Any CPU.Deploy.0 = Debug|Any CPU
		{2ABD25D4-4F3E-4356-B1DD-0315B6C7D8E0}.Debug|ARM.ActiveCfg = Debug|ARM
		{2ABD25D4-4F3E-4356-B1DD-0315B6C7D8E0}.Debug|ARM.Build.0 = Debug|ARM
		{2ABD25D4-4F3E-4356-B1DD-0315B6C7D8E0}.Debug|ARM.Deploy.0 = Debug|ARM
		{2ABD25D4-4F3E-4356-B1DD-0315B6C7D8E0}.Debug|x86.ActiveCfg = Debug|x86
		{2ABD25D4-4F3E-4356-B1DD-0315B6C7D8E0}.Debug|x86.Build.0 = Debug|x86
		{2ABD25D4-4F3E-4356-B1DD-0315B6C7D8E0}.Debug|x86.Deploy.0 = Debug|x86
		{2ABD25D4-4F3E-4356-B1DD-0315B6C7D8E0}.Release|Any CPU.ActiveCfg = Release|Any CPU
		{2ABD25D4-4F3E-4356-B1DD-0315B6C7D8E0}.Release|Any CPU.Build.0 = Release|Any CPU
		{2ABD25D4-4F3E-4356-B1DD-0315B6C7D8E0}.Release|Any CPU.Deploy.0 = Release|Any CPU
		{2ABD25D4-4F3E-4356-B1DD-0315B6C7D8E0}.Release|ARM.ActiveCfg = Release|ARM
		{2ABD25D4-4F3E-4356-B1DD-0315B6C7D8E0}.Release|ARM.Build.0 = Release|ARM
		{2ABD25D4-4F3E-4356-B1DD-0315B6C7D8E0}.Release|ARM.Deploy.0 = Release|ARM
		{2ABD25D4-4F3E-4356-B1DD-0315B6C7D8E0}.Release|x86.ActiveCfg = Release|x86
		{2ABD25D4-4F3E-4356-B1DD-0315B6C7D8E0}.Release|x86.Build.0 = Release|x86
		{2ABD25D4-4F3E-4356-B1DD-0315B6C7D8E0}.Release|x86.Deploy.0 = Release|x86
	EndGlobalSection
	GlobalSection(SolutionProperties) = preSolution
		HideSolutionNode = FALSE
	EndGlobalSection
EndGlobal
